
Microsoft Visual Studio Solution File, Format Version 12.00
# Visual Studio Version 16
VisualStudioVersion = 16.0.30711.63
MinimumVisualStudioVersion = 10.0.40219.1
Project("{FAE04EC0-301F-11D3-BF4B-00C04F79EFBC}") = "AsyncLock", "AsyncLock\AsyncLock.csproj", "{181F3CB7-806D-4DDA-B270-FE9873F734A8}"
EndProject
Global
	GlobalSection(SolutionConfigurationPlatforms) = preSolution
		Debug|Any CPU = Debug|Any CPU
		Release|Any CPU = Release|Any CPU
	EndGlobalSection
	GlobalSection(ProjectConfigurationPlatforms) = postSolution
		{181F3CB7-806D-4DDA-B270-FE9873F734A8}.Debug|Any CPU.ActiveCfg = Debug|Any CPU
		{181F3CB7-806D-4DDA-B270-FE9873F734A8}.Debug|Any CPU.Build.0 = Debug|Any CPU
		{181F3CB7-806D-4DDA-B270-FE9873F734A8}.Release|Any CPU.ActiveCfg = Release|Any CPU
		{181F3CB7-806D-4DDA-B270-FE9873F734A8}.Release|Any CPU.Build.0 = Release|Any CPU
	EndGlobalSection
	GlobalSection(SolutionProperties) = preSolution
		HideSolutionNode = FALSE
	EndGlobalSection
	GlobalSection(ExtensibilityGlobals) = postSolution
		SolutionGuid = {D9B0AEA8-A86E-4C6E-B803-AE0B9862A776}
	EndGlobalSection
EndGlobal
